
Microsoft Visual Studio Solution File, Format Version 12.00
# Visual Studio Version 16
VisualStudioVersion = 16.0.31613.86
MinimumVisualStudioVersion = 10.0.40219.1
Project("{FAE04EC0-301F-11D3-BF4B-00C04F79EFBC}") = "Dapper_Exam", "Dapper_Exam\Dapper_Exam.csproj", "{E2724F73-E940-4CB2-9A77-3190CFB1E582}"
EndProject
Global
	GlobalSection(SolutionConfigurationPlatforms) = preSolution
		Debug|Any CPU = Debug|Any CPU
		Release|Any CPU = Release|Any CPU
	EndGlobalSection
	GlobalSection(ProjectConfigurationPlatforms) = postSolution
		{E2724F73-E940-4CB2-9A77-3190CFB1E582}.Debug|Any CPU.ActiveCfg = Debug|Any CPU
		{E2724F73-E940-4CB2-9A77-3190CFB1E582}.Debug|Any CPU.Build.0 = Debug|Any CPU
		{E2724F73-E940-4CB2-9A77-3190CFB1E582}.Release|Any CPU.ActiveCfg = Release|Any CPU
		{E2724F73-E940-4CB2-9A77-3190CFB1E582}.Release|Any CPU.Build.0 = Release|Any CPU
	EndGlobalSection
	GlobalSection(SolutionProperties) = preSolution
		HideSolutionNode = FALSE
	EndGlobalSection
	GlobalSection(ExtensibilityGlobals) = postSolution
		SolutionGuid = {D680081F-D6D1-4404-AF6D-D3E60CED76FE}
	EndGlobalSection
EndGlobal
